{
  "meteor": {},
  "dependencies": {
    "basePackages": {
      "handlebar-helpers": {}
    },
    "packages": {
      "handlebar-helpers": {
        "git": "https://github.com/raix/Meteor-handlebar-helpers.git",
        "tag": "v0.1.1",
        "commit": "0b407ab65e7c1ebd53d71aef0de2e2c1d21a597c"
      }
    }
  }
}
